// !$*UTF8*$!
{
	archiveVersion = 1;
	classes = {
	};
	objectVersion = 46;
	objects = {

/* Begin PBXBuildFile section */
		0DE306A01F0C754100492753 /* main.m in Sources */ = {isa = PBXBuildFile; fileRef = 0DE3069F1F0C754100492753 /* main.m */; };
		0DE306A31F0C754100492753 /* AppDelegate.m in Sources */ = {isa = PBXBuildFile; fileRef = 0DE306A21F0C754100492753 /* AppDelegate.m */; };
		0DE306A61F0C754100492753 /* ViewController.m in Sources */ = {isa = PBXBuildFile; fileRef = 0DE306A51F0C754100492753 /* ViewController.m */; };
		0DE306A91F0C754100492753 /* Main.storyboard in Resources */ = {isa = PBXBuildFile; fileRef = 0DE306A71F0C754100492753 /* Main.storyboard */; };
		0DE306AB1F0C754100492753 /* Assets.xcassets in Resources */ = {isa = PBXBuildFile; fileRef = 0DE306AA1F0C754100492753 /* Assets.xcassets */; };
		0DE306AE1F0C754100492753 /* LaunchScreen.storyboard in Resources */ = {isa = PBXBuildFile; fileRef = 0DE306AC1F0C754100492753 /* LaunchScreen.storyboard */; };
		0DE306B91F0C754100492753 /* RuntimeDemoTests.m in Sources */ = {isa = PBXBuildFile; fileRef = 0DE306B81F0C754100492753 /* RuntimeDemoTests.m */; };
		0DE306C41F0C754200492753 /* RuntimeDemoUITests.m in Sources */ = {isa = PBXBuildFile; fileRef = 0DE306C31F0C754200492753 /* RuntimeDemoUITests.m */; };
		0DE306DC1F0C75C600492753 /* NSArray+Safe.m in Sources */ = {isa = PBXBuildFile; fileRef = 0DE306D51F0C75C600492753 /* NSArray+Safe.m */; };
		0DE306DD1F0C75C600492753 /* NSDictionary+Safe.m in Sources */ = {isa = PBXBuildFile; fileRef = 0DE306D71F0C75C600492753 /* NSDictionary+Safe.m */; };
		0DE306DE1F0C75C600492753 /* NSNull+Safe.m in Sources */ = {isa = PBXBuildFile; fileRef = 0DE306D91F0C75C600492753 /* NSNull+Safe.m */; };
		0DE306DF1F0C75C600492753 /* NSString+Safe.m in Sources */ = {isa = PBXBuildFile; fileRef = 0DE306DB1F0C75C600492753 /* NSString+Safe.m */; };
		0DE306E71F0C765C00492753 /* NSObject+Runtime.m in Sources */ = {isa = PBXBuildFile; fileRef = 0DE306E21F0C765C00492753 /* NSObject+Runtime.m */; };
		0DE306E81F0C765C00492753 /* TestClass+Category.m in Sources */ = {isa = PBXBuildFile; fileRef = 0DE306E41F0C765C00492753 /* TestClass+Category.m */; };
		0DE306E91F0C765C00492753 /* TestClass.m in Sources */ = {isa = PBXBuildFile; fileRef = 0DE306E61F0C765C00492753 /* TestClass.m */; };
/* End PBXBuildFile section */

/* Begin PBXContainerItemProxy section */
		0DE306B51F0C754100492753 /* PBXContainerItemProxy */ = {
			isa = PBXContainerItemProxy;
			containerPortal = 0DE306931F0C754100492753 /* Project object */;
			proxyType = 1;
			remoteGlobalIDString = 0DE3069A1F0C754100492753;
			remoteInfo = RuntimeDemo;
		};
		0DE306C01F0C754200492753 /* PBXContainerItemProxy */ = {
			isa = PBXContainerItemProxy;
			containerPortal = 0DE306931F0C754100492753 /* Project object */;
			proxyType = 1;
			remoteGlobalIDString = 0DE3069A1F0C754100492753;
			remoteInfo = RuntimeDemo;
		};
/* End PBXContainerItemProxy section */

/* Begin PBXFileReference section */
		0DE3069B1F0C754100492753 /* RuntimeDemo.app */ = {isa = PBXFileReference; explicitFileType = wrapper.application; includeInIndex = 0; path = RuntimeDemo.app; sourceTree = BUILT_PRODUCTS_DIR; };
		0DE3069F1F0C754100492753 /* main.m */ = {isa = PBXFileReference; lastKnownFileType = sourcecode.c.objc; path = main.m; sourceTree = "<group>"; };
		0DE306A11F0C754100492753 /* AppDelegate.h */ = {isa = PBXFileReference; lastKnownFileType = sourcecode.c.h; path = AppDelegate.h; sourceTree = "<group>"; };
		0DE306A21F0C754100492753 /* AppDelegate.m */ = {isa = PBXFileReference; lastKnownFileType = sourcecode.c.objc; path = AppDelegate.m; sourceTree = "<group>"; };
		0DE306A41F0C754100492753 /* ViewController.h */ = {isa = PBXFileReference; lastKnownFileType = sourcecode.c.h; path = ViewController.h; sourceTree = "<group>"; };
		0DE306A51F0C754100492753 /* ViewController.m */ = {isa = PBXFileReference; lastKnownFileType = sourcecode.c.objc; path = ViewController.m; sourceTree = "<group>"; };
		0DE306A81F0C754100492753 /* Base */ = {isa = PBXFileReference; lastKnownFileType = file.storyboard; name = Base; path = Base.lproj/Main.storyboard; sourceTree = "<group>"; };
		0DE306AA1F0C754100492753 /* Assets.xcassets */ = {isa = PBXFileReference; lastKnownFileType = folder.assetcatalog; path = Assets.xcassets; sourceTree = "<group>"; };
		0DE306AD1F0C754100492753 /* Base */ = {isa = PBXFileReference; lastKnownFileType = file.storyboard; name = Base; path = Base.lproj/LaunchScreen.storyboard; sourceTree = "<group>"; };
		0DE306AF1F0C754100492753 /* Info.plist */ = {isa = PBXFileReference; lastKnownFileType = text.plist.xml; path = Info.plist; sourceTree = "<group>"; };
		0DE306B41F0C754100492753 /* RuntimeDemoTests.xctest */ = {isa = PBXFileReference; explicitFileType = wrapper.cfbundle; includeInIndex = 0; path = RuntimeDemoTests.xctest; sourceTree = BUILT_PRODUCTS_DIR; };
		0DE306B81F0C754100492753 /* RuntimeDemoTests.m */ = {isa = PBXFileReference; lastKnownFileType = sourcecode.c.objc; path = RuntimeDemoTests.m; sourceTree = "<group>"; };
		0DE306BA1F0C754100492753 /* Info.plist */ = {isa = PBXFileReference; lastKnownFileType = text.plist.xml; path = Info.plist; sourceTree = "<group>"; };
		0DE306BF1F0C754200492753 /* RuntimeDemoUITests.xctest */ = {isa = PBXFileReference; explicitFileType = wrapper.cfbundle; includeInIndex = 0; path = RuntimeDemoUITests.xctest; sourceTree = BUILT_PRODUCTS_DIR; };
		0DE306C31F0C754200492753 /* RuntimeDemoUITests.m */ = {isa = PBXFileReference; lastKnownFileType = sourcecode.c.objc; path = RuntimeDemoUITests.m; sourceTree = "<group>"; };
		0DE306C51F0C754200492753 /* Info.plist */ = {isa = PBXFileReference; lastKnownFileType = text.plist.xml; path = Info.plist; sourceTree = "<group>"; };
		0DE306D21F0C75A100492753 /* PrefixHeader.pch */ = {isa = PBXFileReference; fileEncoding = 4; lastKnownFileType = sourcecode.c.h; path = PrefixHeader.pch; sourceTree = "<group>"; };
		0DE306D41F0C75C600492753 /* NSArray+Safe.h */ = {isa = PBXFileReference; fileEncoding = 4; lastKnownFileType = sourcecode.c.h; path = "NSArray+Safe.h"; sourceTree = "<group>"; };
		0DE306D51F0C75C600492753 /* NSArray+Safe.m */ = {isa = PBXFileReference; fileEncoding = 4; lastKnownFileType = sourcecode.c.objc; path = "NSArray+Safe.m"; sourceTree = "<group>"; };
		0DE306D61F0C75C600492753 /* NSDictionary+Safe.h */ = {isa = PBXFileReference; fileEncoding = 4; lastKnownFileType = sourcecode.c.h; path = "NSDictionary+Safe.h"; sourceTree = "<group>"; };
		0DE306D71F0C75C600492753 /* NSDictionary+Safe.m */ = {isa = PBXFileReference; fileEncoding = 4; lastKnownFileType = sourcecode.c.objc; path = "NSDictionary+Safe.m"; sourceTree = "<group>"; };
		0DE306D81F0C75C600492753 /* NSNull+Safe.h */ = {isa = PBXFileReference; fileEncoding = 4; lastKnownFileType = sourcecode.c.h; path = "NSNull+Safe.h"; sourceTree = "<group>"; };
		0DE306D91F0C75C600492753 /* NSNull+Safe.m */ = {isa = PBXFileReference; fileEncoding = 4; lastKnownFileType = sourcecode.c.objc; path = "NSNull+Safe.m"; sourceTree = "<group>"; };
		0DE306DA1F0C75C600492753 /* NSString+Safe.h */ = {isa = PBXFileReference; fileEncoding = 4; lastKnownFileType = sourcecode.c.h; path = "NSString+Safe.h"; sourceTree = "<group>"; };
		0DE306DB1F0C75C600492753 /* NSString+Safe.m */ = {isa = PBXFileReference; fileEncoding = 4; lastKnownFileType = sourcecode.c.objc; path = "NSString+Safe.m"; sourceTree = "<group>"; };
		0DE306E11F0C765C00492753 /* NSObject+Runtime.h */ = {isa = PBXFileReference; fileEncoding = 4; lastKnownFileType = sourcecode.c.h; path = "NSObject+Runtime.h"; sourceTree = "<group>"; };
		0DE306E21F0C765C00492753 /* NSObject+Runtime.m */ = {isa = PBXFileReference; fileEncoding = 4; lastKnownFileType = sourcecode.c.objc; path = "NSObject+Runtime.m"; sourceTree = "<group>"; };
		0DE306E31F0C765C00492753 /* TestClass+Category.h */ = {isa = PBXFileReference; fileEncoding = 4; lastKnownFileType = sourcecode.c.h; path = "TestClass+Category.h"; sourceTree = "<group>"; };
		0DE306E41F0C765C00492753 /* TestClass+Category.m */ = {isa = PBXFileReference; fileEncoding = 4; lastKnownFileType = sourcecode.c.objc; path = "TestClass+Category.m"; sourceTree = "<group>"; };
		0DE306E51F0C765C00492753 /* TestClass.h */ = {isa = PBXFileReference; fileEncoding = 4; lastKnownFileType = sourcecode.c.h; path = TestClass.h; sourceTree = "<group>"; };
		0DE306E61F0C765C00492753 /* TestClass.m */ = {isa = PBXFileReference; fileEncoding = 4; lastKnownFileType = sourcecode.c.objc; path = TestClass.m; sourceTree = "<group>"; };
/* End PBXFileReference section */

/* Begin PBXFrameworksBuildPhase section */
		0DE306981F0C754100492753 /* Frameworks */ = {
			isa = PBXFrameworksBuildPhase;
			buildActionMask = 2147483647;
			files = (
			);
			runOnlyForDeploymentPostprocessing = 0;
		};
		0DE306B11F0C754100492753 /* Frameworks */ = {
			isa = PBXFrameworksBuildPhase;
			buildActionMask = 2147483647;
			files = (
			);
			runOnlyForDeploymentPostprocessing = 0;
		};
		0DE306BC1F0C754200492753 /* Frameworks */ = {
			isa = PBXFrameworksBuildPhase;
			buildActionMask = 2147483647;
			files = (
			);
			runOnlyForDeploymentPostprocessing = 0;
		};
/* End PBXFrameworksBuildPhase section */

/* Begin PBXGroup section */
		0DE306921F0C754100492753 = {
			isa = PBXGroup;
			children = (
				0DE3069D1F0C754100492753 /* RuntimeDemo */,
				0DE306B71F0C754100492753 /* RuntimeDemoTests */,
				0DE306C21F0C754200492753 /* RuntimeDemoUITests */,
				0DE3069C1F0C754100492753 /* Products */,
			);
			sourceTree = "<group>";
		};
		0DE3069C1F0C754100492753 /* Products */ = {
			isa = PBXGroup;
			children = (
				0DE3069B1F0C754100492753 /* RuntimeDemo.app */,
				0DE306B41F0C754100492753 /* RuntimeDemoTests.xctest */,
				0DE306BF1F0C754200492753 /* RuntimeDemoUITests.xctest */,
			);
			name = Products;
			sourceTree = "<group>";
		};
		0DE3069D1F0C754100492753 /* RuntimeDemo */ = {
			isa = PBXGroup;
			children = (
				0DE306E01F0C765C00492753 /* Other */,
				0DE306D31F0C75C600492753 /* Save */,
				0DE306A11F0C754100492753 /* AppDelegate.h */,
				0DE306A21F0C754100492753 /* AppDelegate.m */,
				0DE306A41F0C754100492753 /* ViewController.h */,
				0DE306A51F0C754100492753 /* ViewController.m */,
				0DE306A71F0C754100492753 /* Main.storyboard */,
				0DE306AA1F0C754100492753 /* Assets.xcassets */,
				0DE306AC1F0C754100492753 /* LaunchScreen.storyboard */,
				0DE306AF1F0C754100492753 /* Info.plist */,
				0DE3069E1F0C754100492753 /* Supporting Files */,
			);
			path = RuntimeDemo;
			sourceTree = "<group>";
		};
		0DE3069E1F0C754100492753 /* Supporting Files */ = {
			isa = PBXGroup;
			children = (
				0DE306D21F0C75A100492753 /* PrefixHeader.pch */,
				0DE3069F1F0C754100492753 /* main.m */,
			);
			name = "Supporting Files";
			sourceTree = "<group>";
		};
		0DE306B71F0C754100492753 /* RuntimeDemoTests */ = {
			isa = PBXGroup;
			children = (
				0DE306B81F0C754100492753 /* RuntimeDemoTests.m */,
				0DE306BA1F0C754100492753 /* Info.plist */,
			);
			path = RuntimeDemoTests;
			sourceTree = "<group>";
		};
		0DE306C21F0C754200492753 /* RuntimeDemoUITests */ = {
			isa = PBXGroup;
			children = (
				0DE306C31F0C754200492753 /* RuntimeDemoUITests.m */,
				0DE306C51F0C754200492753 /* Info.plist */,
			);
			path = RuntimeDemoUITests;
			sourceTree = "<group>";
		};
		0DE306D31F0C75C600492753 /* Save */ = {
			isa = PBXGroup;
			children = (
				0DE306D41F0C75C600492753 /* NSArray+Safe.h */,
				0DE306D51F0C75C600492753 /* NSArray+Safe.m */,
				0DE306D61F0C75C600492753 /* NSDictionary+Safe.h */,
				0DE306D71F0C75C600492753 /* NSDictionary+Safe.m */,
				0DE306D81F0C75C600492753 /* NSNull+Safe.h */,
				0DE306D91F0C75C600492753 /* NSNull+Safe.m */,
				0DE306DA1F0C75C600492753 /* NSString+Safe.h */,
				0DE306DB1F0C75C600492753 /* NSString+Safe.m */,
			);
			path = Save;
			sourceTree = "<group>";
		};
		0DE306E01F0C765C00492753 /* Other */ = {
			isa = PBXGroup;
			children = (
				0DE306E11F0C765C00492753 /* NSObject+Runtime.h */,
				0DE306E21F0C765C00492753 /* NSObject+Runtime.m */,
				0DE306E31F0C765C00492753 /* TestClass+Category.h */,
				0DE306E41F0C765C00492753 /* TestClass+Category.m */,
				0DE306E51F0C765C00492753 /* TestClass.h */,
				0DE306E61F0C765C00492753 /* TestClass.m */,
			);
			path = Other;
			sourceTree = "<group>";
		};
/* End PBXGroup section */

/* Begin PBXNativeTarget section */
		0DE3069A1F0C754100492753 /* RuntimeDemo */ = {
			isa = PBXNativeTarget;
			buildConfigurationList = 0DE306C81F0C754200492753 /* Build configuration list for PBXNativeTarget "RuntimeDemo" */;
			buildPhases = (
				0DE306971F0C754100492753 /* Sources */,
				0DE306981F0C754100492753 /* Frameworks */,
				0DE306991F0C754100492753 /* Resources */,
			);
			buildRules = (
			);
			dependencies = (
			);
			name = RuntimeDemo;
			productName = RuntimeDemo;
			productReference = 0DE3069B1F0C754100492753 /* RuntimeDemo.app */;
			productType = "com.apple.product-type.application";
		};
		0DE306B31F0C754100492753 /* RuntimeDemoTests */ = {
			isa = PBXNativeTarget;
			buildConfigurationList = 0DE306CB1F0C754200492753 /* Build configuration list for PBXNativeTarget "RuntimeDemoTests" */;
			buildPhases = (
				0DE306B01F0C754100492753 /* Sources */,
				0DE306B11F0C754100492753 /* Frameworks */,
				0DE306B21F0C754100492753 /* Resources */,
			);
			buildRules = (
			);
			dependencies = (
				0DE306B61F0C754100492753 /* PBXTargetDependency */,
			);
			name = RuntimeDemoTests;
			productName = RuntimeDemoTests;
			productReference = 0DE306B41F0C754100492753 /* RuntimeDemoTests.xctest */;
			productType = "com.apple.product-type.bundle.unit-test";
		};
		0DE306BE1F0C754200492753 /* RuntimeDemoUITests */ = {
			isa = PBXNativeTarget;
			buildConfigurationList = 0DE306CE1F0C754200492753 /* Build configuration list for PBXNativeTarget "RuntimeDemoUITests" */;
			buildPhases = (
				0DE306BB1F0C754200492753 /* Sources */,
				0DE306BC1F0C754200492753 /* Frameworks */,
				0DE306BD1F0C754200492753 /* Resources */,
			);
			buildRules = (
			);
			dependencies = (
				0DE306C11F0C754200492753 /* PBXTargetDependency */,
			);
			name = RuntimeDemoUITests;
			productName = RuntimeDemoUITests;
			productReference = 0DE306BF1F0C754200492753 /* RuntimeDemoUITests.xctest */;
			productType = "com.apple.product-type.bundle.ui-testing";
		};
/* End PBXNativeTarget section */

/* Begin PBXProject section */
		0DE306931F0C754100492753 /* Project object */ = {
			isa = PBXProject;
			attributes = {
				LastUpgradeCheck = 0830;
				ORGANIZATIONNAME = YXGang;
				TargetAttributes = {
					0DE3069A1F0C754100492753 = {
						CreatedOnToolsVersion = 8.3.2;
						DevelopmentTeam = ZD8NCKVX95;
						ProvisioningStyle = Automatic;
					};
					0DE306B31F0C754100492753 = {
						CreatedOnToolsVersion = 8.3.2;
						DevelopmentTeam = ZD8NCKVX95;
						ProvisioningStyle = Automatic;
						TestTargetID = 0DE3069A1F0C754100492753;
					};
					0DE306BE1F0C754200492753 = {
						CreatedOnToolsVersion = 8.3.2;
						DevelopmentTeam = ZD8NCKVX95;
						ProvisioningStyle = Automatic;
						TestTargetID = 0DE3069A1F0C754100492753;
					};
				};
			};
			buildConfigurationList = 0DE306961F0C754100492753 /* Build configuration list for PBXProject "RuntimeDemo" */;
			compatibilityVersion = "Xcode 3.2";
			developmentRegion = English;
			hasScannedForEncodings = 0;
			knownRegions = (
				en,
				Base,
			);
			mainGroup = 0DE306921F0C754100492753;
			productRefGroup = 0DE3069C1F0C754100492753 /* Products */;
			projectDirPath = "";
			projectRoot = "";
			targets = (
				0DE3069A1F0C754100492753 /* RuntimeDemo */,
				0DE306B31F0C754100492753 /* RuntimeDemoTests */,
				0DE306BE1F0C754200492753 /* RuntimeDemoUITests */,
			);
		};
/* End PBXProject section */

/* Begin PBXResourcesBuildPhase section */
		0DE306991F0C754100492753 /* Resources */ = {
			isa = PBXResourcesBuildPhase;
			buildActionMask = 2147483647;
			files = (
				0DE306AE1F0C754100492753 /* LaunchScreen.storyboard in Resources */,
				0DE306AB1F0C754100492753 /* Assets.xcassets in Resources */,
				0DE306A91F0C754100492753 /* Main.storyboard in Resources */,
			);
			runOnlyForDeploymentPostprocessing = 0;
		};
		0DE306B21F0C754100492753 /* Resources */ = {
			isa = PBXResourcesBuildPhase;
			buildActionMask = 2147483647;
			files = (
			);
			runOnlyForDeploymentPostprocessing = 0;
		};
		0DE306BD1F0C754200492753 /* Resources */ = {
			isa = PBXResourcesBuildPhase;
			buildActionMask = 2147483647;
			files = (
			);
			runOnlyForDeploymentPostprocessing = 0;
		};
/* End PBXResourcesBuildPhase section */

/* Begin PBXSourcesBuildPhase section */
		0DE306971F0C754100492753 /* Sources */ = {
			isa = PBXSourcesBuildPhase;
			buildActionMask = 2147483647;
			files = (
				0DE306E91F0C765C00492753 /* TestClass.m in Sources */,
				0DE306DE1F0C75C600492753 /* NSNull+Safe.m in Sources */,
				0DE306A61F0C754100492753 /* ViewController.m in Sources */,
				0DE306E81F0C765C00492753 /* TestClass+Category.m in Sources */,
				0DE306A31F0C754100492753 /* AppDelegate.m in Sources */,
				0DE306A01F0C754100492753 /* main.m in Sources */,
				0DE306E71F0C765C00492753 /* NSObject+Runtime.m in Sources */,
				0DE306DD1F0C75C600492753 /* NSDictionary+Safe.m in Sources */,
				0DE306DF1F0C75C600492753 /* NSString+Safe.m in Sources */,
				0DE306DC1F0C75C600492753 /* NSArray+Safe.m in Sources */,
			);
			runOnlyForDeploymentPostprocessing = 0;
		};
		0DE306B01F0C754100492753 /* Sources */ = {
			isa = PBXSourcesBuildPhase;
			buildActionMask = 2147483647;
			files = (
				0DE306B91F0C754100492753 /* RuntimeDemoTests.m in Sources */,
			);
			runOnlyForDeploymentPostprocessing = 0;
		};
		0DE306BB1F0C754200492753 /* Sources */ = {
			isa = PBXSourcesBuildPhase;
			buildActionMask = 2147483647;
			files = (
				0DE306C41F0C754200492753 /* RuntimeDemoUITests.m in Sources */,
			);
			runOnlyForDeploymentPostprocessing = 0;
		};
/* End PBXSourcesBuildPhase section */

/* Begin PBXTargetDependency section */
		0DE306B61F0C754100492753 /* PBXTargetDependency */ = {
			isa = PBXTargetDependency;
			target = 0DE3069A1F0C754100492753 /* RuntimeDemo */;
			targetProxy = 0DE306B51F0C754100492753 /* PBXContainerItemProxy */;
		};
		0DE306C11F0C754200492753 /* PBXTargetDependency */ = {
			isa = PBXTargetDependency;
			target = 0DE3069A1F0C754100492753 /* RuntimeDemo */;
			targetProxy = 0DE306C01F0C754200492753 /* PBXContainerItemProxy */;
		};
/* End PBXTargetDependency section */

/* Begin PBXVariantGroup section */
		0DE306A71F0C754100492753 /* Main.storyboard */ = {
			isa = PBXVariantGroup;
			children = (
				0DE306A81F0C754100492753 /* Base */,
			);
			name = Main.storyboard;
			sourceTree = "<group>";
		};
		0DE306AC1F0C754100492753 /* LaunchScreen.storyboard */ = {
			isa = PBXVariantGroup;
			children = (
				0DE306AD1F0C754100492753 /* Base */,
			);
			name = LaunchScreen.storyboard;
			sourceTree = "<group>";
		};
/* End PBXVariantGroup section */

/* Begin XCBuildConfiguration section */
		0DE306C61F0C754200492753 /* Debug */ = {
			isa = XCBuildConfiguration;
			buildSettings = {
				ALWAYS_SEARCH_USER_PATHS = NO;
				CLANG_ANALYZER_NONNULL = YES;
				CLANG_ANALYZER_NUMBER_OBJECT_CONVERSION = YES_AGGRESSIVE;
				CLANG_CXX_LANGUAGE_STANDARD = "gnu++0x";
				CLANG_CXX_LIBRARY = "libc++";
				CLANG_ENABLE_MODULES = YES;
				CLANG_ENABLE_OBJC_ARC = YES;
				CLANG_WARN_BOOL_CONVERSION = YES;
				CLANG_WARN_CONSTANT_CONVERSION = YES;
				CLANG_WARN_DIRECT_OBJC_ISA_USAGE = YES_ERROR;
				CLANG_WARN_DOCUMENTATION_COMMENTS = YES;
				CLANG_WARN_EMPTY_BODY = YES;
				CLANG_WARN_ENUM_CONVERSION = YES;
				CLANG_WARN_INFINITE_RECURSION = YES;
				CLANG_WARN_INT_CONVERSION = YES;
				CLANG_WARN_OBJC_ROOT_CLASS = YES_ERROR;
				CLANG_WARN_SUSPICIOUS_MOVE = YES;
				CLANG_WARN_UNREACHABLE_CODE = YES;
				CLANG_WARN__DUPLICATE_METHOD_MATCH = YES;
				"CODE_SIGN_IDENTITY[sdk=iphoneos*]" = "iPhone Developer";
				COPY_PHASE_STRIP = NO;
				DEBUG_INFORMATION_FORMAT = dwarf;
				ENABLE_STRICT_OBJC_MSGSEND = YES;
				ENABLE_TESTABILITY = YES;
				GCC_C_LANGUAGE_STANDARD = gnu99;
				GCC_DYNAMIC_NO_PIC = NO;
				GCC_NO_COMMON_BLOCKS = YES;
				GCC_OPTIMIZATION_LEVEL = 0;
				GCC_PREPROCESSOR_DEFINITIONS = (
					"DEBUG=1",
					"$(inherited)",
				);
				GCC_WARN_64_TO_32_BIT_CONVERSION = YES;
				GCC_WARN_ABOUT_RETURN_TYPE = YES_ERROR;
				GCC_WARN_UNDECLARED_SELECTOR = YES;
				GCC_WARN_UNINITIALIZED_AUTOS = YES_AGGRESSIVE;
				GCC_WARN_UNUSED_FUNCTION = YES;
				GCC_WARN_UNUSED_VARIABLE = YES;
				IPHONEOS_DEPLOYMENT_TARGET = 10.3;
				MTL_ENABLE_DEBUG_INFO = YES;
				ONLY_ACTIVE_ARCH = YES;
				SDKROOT = iphoneos;
				TARGETED_DEVICE_FAMILY = "1,2";
			};
			name = Debug;
		};
		0DE306C71F0C754200492753 /* Release */ = {
			isa = XCBuildConfiguration;
			buildSettings = {
				ALWAYS_SEARCH_USER_PATHS = NO;
				CLANG_ANALYZER_NONNULL = YES;
				CLANG_ANALYZER_NUMBER_OBJECT_CONVERSION = YES_AGGRESSIVE;
				CLANG_CXX_LANGUAGE_STANDARD = "gnu++0x";
				CLANG_CXX_LIBRARY = "libc++";
				CLANG_ENABLE_MODULES = YES;
				CLANG_ENABLE_OBJC_ARC = YES;
				CLANG_WARN_BOOL_CONVERSION = YES;
				CLANG_WARN_CONSTANT_CONVERSION = YES;
				CLANG_WARN_DIRECT_OBJC_ISA_USAGE = YES_ERROR;
				CLANG_WARN_DOCUMENTATION_COMMENTS = YES;
				CLANG_WARN_EMPTY_BODY = YES;
				CLANG_WARN_ENUM_CONVERSION = YES;
				CLANG_WARN_INFINITE_RECURSION = YES;
				CLANG_WARN_INT_CONVERSION = YES;
				CLANG_WARN_OBJC_ROOT_CLASS = YES_ERROR;
				CLANG_WARN_SUSPICIOUS_MOVE = YES;
				CLANG_WARN_UNREACHABLE_CODE = YES;
				CLANG_WARN__DUPLICATE_METHOD_MATCH = YES;
				"CODE_SIGN_IDENTITY[sdk=iphoneos*]" = "iPhone Developer";
				COPY_PHASE_STRIP = NO;
				DEBUG_INFORMATION_FORMAT = "dwarf-with-dsym";
				ENABLE_NS_ASSERTIONS = NO;
				ENABLE_STRICT_OBJC_MSGSEND = YES;
				GCC_C_LANGUAGE_STANDARD = gnu99;
				GCC_NO_COMMON_BLOCKS = YES;
				GCC_WARN_64_TO_32_BIT_CONVERSION = YES;
				GCC_WARN_ABOUT_RETURN_TYPE = YES_ERROR;
				GCC_WARN_UNDECLARED_SELECTOR = YES;
				GCC_WARN_UNINITIALIZED_AUTOS = YES_AGGRESSIVE;
				GCC_WARN_UNUSED_FUNCTION = YES;
				GCC_WARN_UNUSED_VARIABLE = YES;
				IPHONEOS_DEPLOYMENT_TARGET = 10.3;
				MTL_ENABLE_DEBUG_INFO = NO;
				SDKROOT = iphoneos;
				TARGETED_DEVICE_FAMILY = "1,2";
				VALIDATE_PRODUCT = YES;
			};
			name = Release;
		};
		0DE306C91F0C754200492753 /* Debug */ = {
			isa = XCBuildConfiguration;
			buildSettings = {
				ASSETCATALOG_COMPILER_APPICON_NAME = AppIcon;
				DEVELOPMENT_TEAM = ZD8NCKVX95;
				GCC_PREFIX_HEADER = "$(SRCROOT)/RuntimeDemo/PrefixHeader.pch";
				INFOPLIST_FILE = RuntimeDemo/Info.plist;
				LD_RUNPATH_SEARCH_PATHS = "$(inherited) @executable_path/Frameworks";
				PRODUCT_BUNDLE_IDENTIFIER = sunny.RuntimeDemo;
				PRODUCT_NAME = "$(TARGET_NAME)";
			};
			name = Debug;
		};
		0DE306CA1F0C754200492753 /* Release */ = {
			isa = XCBuildConfiguration;
			buildSettings = {
				ASSETCATALOG_COMPILER_APPICON_NAME = AppIcon;
				DEVELOPMENT_TEAM = ZD8NCKVX95;
				GCC_PREFIX_HEADER = "$(SRCROOT)/RuntimeDemo/PrefixHeader.pch";
				INFOPLIST_FILE = RuntimeDemo/Info.plist;
				LD_RUNPATH_SEARCH_PATHS = "$(inherited) @executable_path/Frameworks";
				PRODUCT_BUNDLE_IDENTIFIER = sunny.RuntimeDemo;
				PRODUCT_NAME = "$(TARGET_NAME)";
			};
			name = Release;
		};
		0DE306CC1F0C754200492753 /* Debug */ = {
			isa = XCBuildConfiguration;
			buildSettings = {
				BUNDLE_LOADER = "$(TEST_HOST)";
				DEVELOPMENT_TEAM = ZD8NCKVX95;
				INFOPLIST_FILE = RuntimeDemoTests/Info.plist;
				LD_RUNPATH_SEARCH_PATHS = "$(inherited) @executable_path/Frameworks @loader_path/Frameworks";
				PRODUCT_BUNDLE_IDENTIFIER = sunny.RuntimeDemoTests;
				PRODUCT_NAME = "$(TARGET_NAME)";
				TEST_HOST = "$(BUILT_PRODUCTS_DIR)/RuntimeDemo.app/RuntimeDemo";
			};
			name = Debug;
		};
		0DE306CD1F0C754200492753 /* Release */ = {
			isa = XCBuildConfiguration;
			buildSettings = {
				BUNDLE_LOADER = "$(TEST_HOST)";
				DEVELOPMENT_TEAM = ZD8NCKVX95;
				INFOPLIST_FILE = RuntimeDemoTests/Info.plist;
				LD_RUNPATH_SEARCH_PATHS = "$(inherited) @executable_path/Frameworks @loader_path/Frameworks";
				PRODUCT_BUNDLE_IDENTIFIER = sunny.RuntimeDemoTests;
				PRODUCT_NAME = "$(TARGET_NAME)";
				TEST_HOST = "$(BUILT_PRODUCTS_DIR)/RuntimeDemo.app/RuntimeDemo";
			};
			name = Release;
		};
		0DE306CF1F0C754200492753 /* Debug */ = {
			isa = XCBuildConfiguration;
			buildSettings = {
				DEVELOPMENT_TEAM = ZD8NCKVX95;
				INFOPLIST_FILE = RuntimeDemoUITests/Info.plist;
				LD_RUNPATH_SEARCH_PATHS = "$(inherited) @executable_path/Frameworks @loader_path/Frameworks";
				PRODUCT_BUNDLE_IDENTIFIER = sunny.RuntimeDemoUITests;
				PRODUCT_NAME = "$(TARGET_NAME)";
				TEST_TARGET_NAME = RuntimeDemo;
			};
			name = Debug;
		};
		0DE306D01F0C754200492753 /* Release */ = {
			isa = XCBuildConfiguration;
			buildSettings = {
				DEVELOPMENT_TEAM = ZD8NCKVX95;
				INFOPLIST_FILE = RuntimeDemoUITests/Info.plist;
				LD_RUNPATH_SEARCH_PATHS = "$(inherited) @executable_path/Frameworks @loader_path/Frameworks";
				PRODUCT_BUNDLE_IDENTIFIER = sunny.RuntimeDemoUITests;
				PRODUCT_NAME = "$(TARGET_NAME)";
				TEST_TARGET_NAME = RuntimeDemo;
			};
			name = Release;
		};
/* End XCBuildConfiguration section */

/* Begin XCConfigurationList section */
		0DE306961F0C754100492753 /* Build configuration list for PBXProject "RuntimeDemo" */ = {
			isa = XCConfigurationList;
			buildConfigurations = (
				0DE306C61F0C754200492753 /* Debug */,
				0DE306C71F0C754200492753 /* Release */,
			);
			defaultConfigurationIsVisible = 0;
			defaultConfigurationName = Release;
		};
		0DE306C81F0C754200492753 /* Build configuration list for PBXNativeTarget "RuntimeDemo" */ = {
			isa = XCConfigurationList;
			buildConfigurations = (
				0DE306C91F0C754200492753 /* Debug */,
				0DE306CA1F0C754200492753 /* Release */,
			);
			defaultConfigurationIsVisible = 0;
		};
		0DE306CB1F0C754200492753 /* Build configuration list for PBXNativeTarget "RuntimeDemoTests" */ = {
			isa = XCConfigurationList;
			buildConfigurations = (
				0DE306CC1F0C754200492753 /* Debug */,
				0DE306CD1F0C754200492753 /* Release */,
			);
			defaultConfigurationIsVisible = 0;
		};
		0DE306CE1F0C754200492753 /* Build configuration list for PBXNativeTarget "RuntimeDemoUITests" */ = {
			isa = XCConfigurationList;
			buildConfigurations = (
				0DE306CF1F0C754200492753 /* Debug */,
				0DE306D01F0C754200492753 /* Release */,
			);
			defaultConfigurationIsVisible = 0;
		};
/* End XCConfigurationList section */
	};
	rootObject = 0DE306931F0C754100492753 /* Project object */;
}
